<Solution>
  <Folder Name="/Domain/">
    <Project Path="Domain/Ecosystem.Domain.Core.csproj" />
  </Folder>
  <Folder Name="/Infra.Bus/">
    <Project Path="Infra.Bus/Ecosystem.Infra.Bus.csproj" />
  </Folder>
  <Folder Name="/Infra.IoC/">
    <Project Path="Infra.IoC/Ecosystem.Infra.IoC.csproj" />
  </Folder>
  <Folder Name="/Infrastructure/" />
  <Folder Name="/Microservices/" />
  <Folder Name="/Microservices/AccountService/" />
  <Folder Name="/Microservices/AccountService/Api/">
    <Project Path="Microservices/AccountService/Api/Ecosystem.AccountService.Api.csproj" />
  </Folder>
  <Folder Name="/Microservices/AccountService/Application/">
    <Project Path="Microservices/AccountService/Application/Ecosystem.AccountService.Application.csproj" />
  </Folder>
  <Folder Name="/Microservices/AccountService/Data/">
    <Project Path="Microservices/AccountService/Data/Ecosystem.AccountService.Data.csproj" />
  </Folder>
  <Folder Name="/Microservices/AccountService/Domain/">
    <Project Path="Microservices/AccountService/Domain/Ecosystem.AccountService.Domain.csproj" />
  </Folder>
  <Folder Name="/Microservices/AccountService/Infra.IoC/">
    <Project Path="Microservices/AccountService/Infra.IoC/Ecosystem.AccountService.Infra.IoC.csproj" />
  </Folder>
  <Folder Name="/Microservices/ConfigurationService/" />
  <Folder Name="/Microservices/ConfigurationService/Domain/">
    <Project Path="Microservices/ConfigurationService/Domain/Ecosystem.ConfigurationService.Domain.csproj" />
  </Folder>
  <Folder Name="/Microservices/ConfigurationService/Data/">
    <Project Path="Microservices/ConfigurationService/Data/Ecosystem.ConfigurationService.Data.csproj" />
  </Folder>
  <Folder Name="/Microservices/ConfigurationService/Application/">
    <Project Path="Microservices/ConfigurationService/Application/Ecosystem.ConfigurationService.Application.csproj" />
  </Folder>
  <Folder Name="/Microservices/ConfigurationService/Api/">
    <Project Path="Microservices/ConfigurationService/Api/Ecosystem.ConfigurationService.Api.csproj" />
  </Folder>
  <Folder Name="/Microservices/ConfigurationService/Infra.IoC/">
    <Project Path="Microservices/ConfigurationService/Infra.IoC/Ecosystem.ConfigurationService.Infra.IoC.csproj" />
  </Folder>
  <Folder Name="/Microservices/GatewayService/" />
  <Folder Name="/Microservices/InventoryService/" />
  <Folder Name="/Microservices/InventoryService/Api/">
    <Project Path="Microservices/InventoryService/Api/Ecosystem.InventoryService.Api.csproj" />
  </Folder>
  <Folder Name="/Microservices/InventoryService/Application/">
    <Project Path="Microservices/InventoryService/Application/Ecosystem.InventoryService.Application.csproj" />
  </Folder>
  <Folder Name="/Microservices/InventoryService/Data/">
    <Project Path="Microservices/InventoryService/Data/Ecosystem.InventoryService.Data.csproj" />
  </Folder>
  <Folder Name="/Microservices/InventoryService/Domain/">
    <Project Path="Microservices/InventoryService/Domain/Ecosystem.InventoryService.Domain.csproj" />
  </Folder>
  <Folder Name="/Microservices/InventoryService/Infra.IoC/">
    <Project Path="Microservices/InventoryService/Infra.IoC/Ecosystem.InventoryService.Infra.IoC.csproj" />
  </Folder>
  <Folder Name="/Microservices/NotificationService/" />
  <Folder Name="/Microservices/NotificationService/Api/">
    <Project Path="Microservices/NotificationService/Api/Ecosystem.NotificationService.Api.csproj" />
  </Folder>
  <Folder Name="/Microservices/NotificationService/Application/">
    <Project Path="Microservices/NotificationService/Application/Ecosystem.NotificationService.Application.csproj" />
  </Folder>
  <Folder Name="/Microservices/NotificationService/Data/">
    <Project Path="Microservices/NotificationService/Data/Ecosystem.NotificationService.Data.csproj" />
  </Folder>
  <Folder Name="/Microservices/NotificationService/Domain/">
    <Project Path="Microservices/NotificationService/Domain/Ecosystem.NotificationService.Domain.csproj" />
  </Folder>
  <Folder Name="/Microservices/NotificationService/Infra.IoC/">
    <Project Path="Microservices/NotificationService/Infra.IoC/Ecosystem.NotificationService.Infra.IoC.csproj" />
  </Folder>
  <Folder Name="/Microservices/WalletService/" />
  <Folder Name="/Microservices/WalletService/Domain/">
    <Project Path="Microservices/WalletService/Domain/Ecosystem.WalletService.Domain.csproj" />
  </Folder>
  <Folder Name="/Microservices/WalletService/Data/">
    <Project Path="Microservices/WalletService/Data/Ecosystem.WalletService.Data.csproj" />
  </Folder>
  <Folder Name="/Tools/" />
</Solution>
